
Microsoft Visual Studio Solution File, Format Version 12.00
# Visual Studio Version 17
VisualStudioVersion = 17.0.31912.275
MinimumVisualStudioVersion = 10.0.40219.1
Project("{2150E333-8FDC-42A3-9474-1A3956D46DE8}") = "ManualTesting", "ManualTesting", "{2814BE64-B8C4-4810-85E4-4A14DE30BC19}"
EndProject
Project("{9A19103F-16F7-4668-BE54-9A1E7A4F7556}") = "ManualTesting.Client", "ManualTesting\ManualTesting.Client\ManualTesting.Client.csproj", "{60676A74-B9B0-4921-820B-FABD3A3ACEA5}"
EndProject
Project("{9A19103F-16F7-4668-BE54-9A1E7A4F7556}") = "NoJsBlazor", "NoJsBlazor\NoJsBlazor.csproj", "{9CB081AF-FF80-4688-B597-8C1B05D84107}"
EndProject
Project("{9A19103F-16F7-4668-BE54-9A1E7A4F7556}") = "UnitTest", "UnitTest\UnitTest.csproj", "{8207BB74-AC5F-4DC7-BBB9-5A2B17B70463}"
EndProject
Project("{FAE04EC0-301F-11D3-BF4B-00C04F79EFBC}") = "ManualTesting.Server", "ManualTesting\ManualTesting.Server\ManualTesting.Server.csproj", "{B0187953-3761-4AE2-A653-4C64A11237E2}"
EndProject
Global
	GlobalSection(SolutionConfigurationPlatforms) = preSolution
		Debug|Any CPU = Debug|Any CPU
		Release|Any CPU = Release|Any CPU
	EndGlobalSection
	GlobalSection(ProjectConfigurationPlatforms) = postSolution
		{60676A74-B9B0-4921-820B-FABD3A3ACEA5}.Debug|Any CPU.ActiveCfg = Debug|Any CPU
		{60676A74-B9B0-4921-820B-FABD3A3ACEA5}.Debug|Any CPU.Build.0 = Debug|Any CPU
		{60676A74-B9B0-4921-820B-FABD3A3ACEA5}.Release|Any CPU.ActiveCfg = Release|Any CPU
		{60676A74-B9B0-4921-820B-FABD3A3ACEA5}.Release|Any CPU.Build.0 = Release|Any CPU
		{9CB081AF-FF80-4688-B597-8C1B05D84107}.Debug|Any CPU.ActiveCfg = Debug|Any CPU
		{9CB081AF-FF80-4688-B597-8C1B05D84107}.Debug|Any CPU.Build.0 = Debug|Any CPU
		{9CB081AF-FF80-4688-B597-8C1B05D84107}.Release|Any CPU.ActiveCfg = Release|Any CPU
		{9CB081AF-FF80-4688-B597-8C1B05D84107}.Release|Any CPU.Build.0 = Release|Any CPU
		{8207BB74-AC5F-4DC7-BBB9-5A2B17B70463}.Debug|Any CPU.ActiveCfg = Debug|Any CPU
		{8207BB74-AC5F-4DC7-BBB9-5A2B17B70463}.Debug|Any CPU.Build.0 = Debug|Any CPU
		{8207BB74-AC5F-4DC7-BBB9-5A2B17B70463}.Release|Any CPU.ActiveCfg = Release|Any CPU
		{8207BB74-AC5F-4DC7-BBB9-5A2B17B70463}.Release|Any CPU.Build.0 = Release|Any CPU
		{B0187953-3761-4AE2-A653-4C64A11237E2}.Debug|Any CPU.ActiveCfg = Debug|Any CPU
		{B0187953-3761-4AE2-A653-4C64A11237E2}.Debug|Any CPU.Build.0 = Debug|Any CPU
		{B0187953-3761-4AE2-A653-4C64A11237E2}.Release|Any CPU.ActiveCfg = Release|Any CPU
		{B0187953-3761-4AE2-A653-4C64A11237E2}.Release|Any CPU.Build.0 = Release|Any CPU
	EndGlobalSection
	GlobalSection(SolutionProperties) = preSolution
		HideSolutionNode = FALSE
	EndGlobalSection
	GlobalSection(NestedProjects) = preSolution
		{60676A74-B9B0-4921-820B-FABD3A3ACEA5} = {2814BE64-B8C4-4810-85E4-4A14DE30BC19}
		{B0187953-3761-4AE2-A653-4C64A11237E2} = {2814BE64-B8C4-4810-85E4-4A14DE30BC19}
	EndGlobalSection
	GlobalSection(ExtensibilityGlobals) = postSolution
		SolutionGuid = {2E21D4A4-A412-4143-8ADA-573E5BED3293}
	EndGlobalSection
EndGlobal
